<?xml version="1.0" encoding="utf-8"?>
<Project ToolsVersion="4.0" xmlns="http://schemas.microsoft.com/developer/msbuild/2003">
  <ItemGroup>
    <Filter Include="Source Files">
      <UniqueIdentifier>{4FC737F1-C7A5-4376-A066-2A32D752A2FF}</UniqueIdentifier>
      <Extensions>cpp;c;cc;cxx;def;odl;idl;hpj;bat;asm;asmx</Extensions>
    </Filter>
    <Filter Include="Header Files">
      <UniqueIdentifier>{93995380-89BD-4b04-88EB-625FBE52EBFB}</UniqueIdentifier>
      <Extensions>h;hh;hpp;hxx;hm;inl;inc;xsd</Extensions>
    </Filter>
    <Filter Include="Resource Files">
      <UniqueIdentifier>{67DA6AB6-F800-4c08-8B7A-83BB121AAD01}</UniqueIdentifier>
      <Extensions>rc;ico;cur;bmp;dlg;rc2;rct;bin;rgs;gif;jpg;jpeg;jpe;resx;tiff;tif;png;wav;mfcribbon-ms</Extensions>
    </Filter>
    <Filter Include="libpng">
      <UniqueIdentifier>{8023f074-0072-4804-a48d-eda9e80768f0}</UniqueIdentifier>
    </Filter>
    <Filter Include="zlib">
      <UniqueIdentifier>{443b5087-8364-4611-89b0-aff854f38db2}</UniqueIdentifier>
    </Filter>
  </ItemGroup>
  <ItemGroup>
    <ClInclude Include="libpng\png.h">
      <Filter>libpng</Filter>
    </ClInclude>
    <ClInclude Include="libpng\pngconf.h">
      <Filter>libpng</Filter>
    </ClInclude>
    <ClInclude Include="libpng\pngdebug.h">
      <Filter>libpng</Filter>
    </ClInclude>
    <ClInclude Include="libpng\pnginfo.h">
      <Filter>libpng</Filter>
    </ClInclude>
    <ClInclude Include="libpng\pngpriv.h">
      <Filter>libpng</Filter>
    </ClInclude>
    <ClInclude Include="libpng\pngstruct.h">
      <Filter>libpng</Filter>
    </ClInclude>
    <ClInclude Include="libpng\pnglibconf.h">
      <Filter>libpng</Filter>
    </ClInclude>
    <ClInclude Include="zlib\crc32.h">
      <Filter>zlib</Filter>
    </ClInclude>
    <ClInclude Include="zlib\deflate.h">
      <Filter>zlib</Filter>
    </ClInclude>
    <ClInclude Include="zlib\gzguts.h">
      <Filter>zlib</Filter>
    </ClInclude>
    <ClInclude Include="zlib\inffast.h">
      <Filter>zlib</Filter>
    </ClInclude>
    <ClInclude Include="zlib\inffixed.h">
      <Filter>zlib</Filter>
    </ClInclude>
    <ClInclude Include="zlib\inflate.h">
      <Filter>zlib</Filter>
    </ClInclude>
    <ClInclude Include="zlib\inftrees.h">
      <Filter>zlib</Filter>
    </ClInclude>
    <ClInclude Include="zlib\trees.h">
      <Filter>zlib</Filter>
    </ClInclude>
    <ClInclude Include="zlib\zconf.h">
      <Filter>zlib</Filter>
    </ClInclude>
    <ClInclude Include="zlib\zlib.h">
      <Filter>zlib</Filter>
    </ClInclude>
    <ClInclude Include="zlib\zutil.h">
      <Filter>zlib</Filter>
    </ClInclude>
    <ClInclude Include="common.h">
      <Filter>Header Files</Filter>
    </ClInclude>
    <ClInclude Include="vec.h">
      <Filter>Header Files</Filter>
    </ClInclude>
    <ClInclude Include="color.h">
      <Filter>Header Files</Filter>
    </ClInclude>
    <ClInclude Include="quat.h">
      <Filter>Header Files</Filter>
    </ClInclude>
    <ClInclude Include="image.h">
      <Filter>Header Files</Filter>
    </ClInclude>
    <ClInclude Include="ray_tracer.h">
      <Filter>Header Files</Filter>
    </ClInclude>
  </ItemGroup>
  <ItemGroup>
    <ClCompile Include="libpng\png.c">
      <Filter>libpng</Filter>
    </ClCompile>
    <ClCompile Include="libpng\pngerror.c">
      <Filter>libpng</Filter>
    </ClCompile>
    <ClCompile Include="libpng\pngget.c">
      <Filter>libpng</Filter>
    </ClCompile>
    <ClCompile Include="libpng\pngmem.c">
      <Filter>libpng</Filter>
    </ClCompile>
    <ClCompile Include="libpng\pngpread.c">
      <Filter>libpng</Filter>
    </ClCompile>
    <ClCompile Include="libpng\pngread.c">
      <Filter>libpng</Filter>
    </ClCompile>
    <ClCompile Include="libpng\pngrio.c">
      <Filter>libpng</Filter>
    </ClCompile>
    <ClCompile Include="libpng\pngrtran.c">
      <Filter>libpng</Filter>
    </ClCompile>
    <ClCompile Include="libpng\pngrutil.c">
      <Filter>libpng</Filter>
    </ClCompile>
    <ClCompile Include="libpng\pngset.c">
      <Filter>libpng</Filter>
    </ClCompile>
    <ClCompile Include="libpng\pngtrans.c">
      <Filter>libpng</Filter>
    </ClCompile>
    <ClCompile Include="libpng\pngwio.c">
      <Filter>libpng</Filter>
    </ClCompile>
    <ClCompile Include="libpng\pngwrite.c">
      <Filter>libpng</Filter>
    </ClCompile>
    <ClCompile Include="libpng\pngwtran.c">
      <Filter>libpng</Filter>
    </ClCompile>
    <ClCompile Include="libpng\pngwutil.c">
      <Filter>libpng</Filter>
    </ClCompile>
    <ClCompile Include="zlib\adler32.c">
      <Filter>zlib</Filter>
    </ClCompile>
    <ClCompile Include="zlib\compress.c">
      <Filter>zlib</Filter>
    </ClCompile>
    <ClCompile Include="zlib\crc32.c">
      <Filter>zlib</Filter>
    </ClCompile>
    <ClCompile Include="zlib\deflate.c">
      <Filter>zlib</Filter>
    </ClCompile>
    <ClCompile Include="zlib\gzclose.c">
      <Filter>zlib</Filter>
    </ClCompile>
    <ClCompile Include="zlib\gzlib.c">
      <Filter>zlib</Filter>
    </ClCompile>
    <ClCompile Include="zlib\gzread.c">
      <Filter>zlib</Filter>
    </ClCompile>
    <ClCompile Include="zlib\gzwrite.c">
      <Filter>zlib</Filter>
    </ClCompile>
    <ClCompile Include="zlib\infback.c">
      <Filter>zlib</Filter>
    </ClCompile>
    <ClCompile Include="zlib\inffast.c">
      <Filter>zlib</Filter>
    </ClCompile>
    <ClCompile Include="zlib\inflate.c">
      <Filter>zlib</Filter>
    </ClCompile>
    <ClCompile Include="zlib\inftrees.c">
      <Filter>zlib</Filter>
    </ClCompile>
    <ClCompile Include="zlib\trees.c">
      <Filter>zlib</Filter>
    </ClCompile>
    <ClCompile Include="zlib\uncompr.c">
      <Filter>zlib</Filter>
    </ClCompile>
    <ClCompile Include="zlib\zutil.c">
      <Filter>zlib</Filter>
    </ClCompile>
    <ClCompile Include="ray_tracer.cpp">
      <Filter>Source Files</Filter>
    </ClCompile>
    <ClCompile Include="image.cpp">
      <Filter>Source Files</Filter>
    </ClCompile>
    <ClCompile Include="main.cpp">
      <Filter>Source Files</Filter>
    </ClCompile>
  </ItemGroup>
  <ItemGroup>
    <None Include="..\README.md" />
  </ItemGroup>
</Project>